
Microsoft Visual Studio Solution File, Format Version 12.00
# Visual Studio 15
VisualStudioVersion = 15.0.28307.168
MinimumVisualStudioVersion = 10.0.40219.1
Project("{9A19103F-16F7-4668-BE54-9A1E7A4F7556}") = "Akame.Core", "Akame.Core\Akame.Core.csproj", "{D54D3676-C9B0-4CCA-A7B3-7F15C76513C2}"
EndProject
Project("{9A19103F-16F7-4668-BE54-9A1E7A4F7556}") = "Akame.Toph", "Akame.Toph\Akame.Toph.csproj", "{55F586B5-8BC7-40C0-ACC5-74F9D323F0E5}"
EndProject
Global
	GlobalSection(SolutionConfigurationPlatforms) = preSolution
		Debug|Any CPU = Debug|Any CPU
		Release|Any CPU = Release|Any CPU
	EndGlobalSection
	GlobalSection(ProjectConfigurationPlatforms) = postSolution
		{D54D3676-C9B0-4CCA-A7B3-7F15C76513C2}.Debug|Any CPU.ActiveCfg = Debug|Any CPU
		{D54D3676-C9B0-4CCA-A7B3-7F15C76513C2}.Debug|Any CPU.Build.0 = Debug|Any CPU
		{D54D3676-C9B0-4CCA-A7B3-7F15C76513C2}.Release|Any CPU.ActiveCfg = Release|Any CPU
		{D54D3676-C9B0-4CCA-A7B3-7F15C76513C2}.Release|Any CPU.Build.0 = Release|Any CPU
		{55F586B5-8BC7-40C0-ACC5-74F9D323F0E5}.Debug|Any CPU.ActiveCfg = Debug|Any CPU
		{55F586B5-8BC7-40C0-ACC5-74F9D323F0E5}.Debug|Any CPU.Build.0 = Debug|Any CPU
		{55F586B5-8BC7-40C0-ACC5-74F9D323F0E5}.Release|Any CPU.ActiveCfg = Release|Any CPU
		{55F586B5-8BC7-40C0-ACC5-74F9D323F0E5}.Release|Any CPU.Build.0 = Release|Any CPU
	EndGlobalSection
	GlobalSection(SolutionProperties) = preSolution
		HideSolutionNode = FALSE
	EndGlobalSection
	GlobalSection(ExtensibilityGlobals) = postSolution
		SolutionGuid = {D5592809-DCDF-4D79-92D2-E2CEEC1504B7}
	EndGlobalSection
EndGlobal
